version = 1
revision = 3
requires-python = ">=3.14"

[[package]]
name = "typst"
version = "0.14.9"
source = { registry = "https://pypi.org/simple" }
sdist = { url = "https://files.pythonhosted.org/packages/46/77/b4856939057e0007d5399b9d425545a729708714dc0de4e5028c79c94539/typst-0.14.9.tar.gz", hash = "sha256:53a7ee0825c127c100023685eeb8fb911226d7ad9ae861a370c11bb0f5c160cc", size = 63372, upload-time = "2026-05-14T00:54:24.094Z" }
wheels = [
    { url = "https://files.pythonhosted.org/packages/a6/dc/340783f8514d776314408201a48b187ce8f7fc63896b3da895faf5e7c200/typst-0.14.9-cp314-cp314t-macosx_10_12_x86_64.whl", hash = "sha256:abc1348393390173ba7b993389b06b3df4b635cf69205aedaa05ce51de9be3b6", size = 23124939, upload-time = "2026-05-14T00:53:36.098Z" },
    { url = "https://files.pythonhosted.org/packages/66/81/9860be782781c43956e71cc9dbdb5f79207de56b4400d8266bf91a993e07/typst-0.14.9-cp314-cp314t-macosx_11_0_arm64.whl", hash = "sha256:e3d62e29ce38c45e94e81716383c153272438964b76c343b9a2183fe52a9ff02", size = 22789372, upload-time = "2026-05-14T00:53:39.204Z" },
    { url = "https://files.pythonhosted.org/packages/dc/98/3ab10001e57d38a20d3cd74e9060e1103a069265c881f5b4dab3a906f9e2/typst-0.14.9-cp314-cp314t-manylinux_2_17_aarch64.manylinux2014_aarch64.whl", hash = "sha256:3f054414502fd21b84474bdd1c92263be1910e010a5a6bdb0d546d7a00131f91", size = 27127014, upload-time = "2026-05-14T00:53:42.104Z" },
    { url = "https://files.pythonhosted.org/packages/60/b1/26e98492703ff20b4b5cd2515f6f3d5881a85c76414f557cdd5088043f14/typst-0.14.9-cp314-cp314t-manylinux_2_17_armv7l.manylinux2014_armv7l.whl", hash = "sha256:d2676e5b6548ae83b13ff3b769f5f30cf5d716b712502ea64a8e98fc3ae4577f", size = 27073390, upload-time = "2026-05-14T00:53:45.352Z" },
    { url = "https://files.pythonhosted.org/packages/96/3e/4af0a0f84030f19438d54e2d1b8f37a8c5e1cad83b9f58ee40ac83d05699/typst-0.14.9-cp314-cp314t-manylinux_2_17_ppc64le.manylinux2014_ppc64le.whl", hash = "sha256:456ecf0e9bf02748fb3d7b6f0176aff36027ee8c2e81056eca20b3d4ba54e82b", size = 28447355, upload-time = "2026-05-14T00:53:48.449Z" },
    { url = "https://files.pythonhosted.org/packages/c3/0e/be73406f081fc6a2ae3e96e7dc7c3c983e43b3f92db16f753dd90b3cc65f/typst-0.14.9-cp314-cp314t-manylinux_2_17_s390x.manylinux2014_s390x.whl", hash = "sha256:a67963bd4e3b6969eee412a2bf49753276cd95be0acc86c07fd0c06f188a41bc", size = 27233190, upload-time = "2026-05-14T00:53:51.745Z" },
    { url = "https://files.pythonhosted.org/packages/f8/23/44249884d2aebdc01d66c9c5ecdd99f79547615ab32247e4f243c2ab6d94/typst-0.14.9-cp314-cp314t-manylinux_2_17_x86_64.manylinux2014_x86_64.whl", hash = "sha256:eabac1449c75381828996eaf352bfd795857668834a4c9cc6308d7687352ed49", size = 26206171, upload-time = "2026-05-14T00:53:54.577Z" },
    { url = "https://files.pythonhosted.org/packages/81/8e/be9ab684001336f1bae61022204521041151036f5d8a5365c34a29ec727c/typst-0.14.9-cp314-cp314t-win_amd64.whl", hash = "sha256:b5637861645b0abb2529e1006a8984a831ecd9d24610a60e99d3ae0af4e4691a", size = 21647758, upload-time = "2026-05-14T00:53:57.538Z" },
    { url = "https://files.pythonhosted.org/packages/88/20/10ab263e9d52f6ca717e682ea4ac301204cb41be3bf08974d9513d52033f/typst-0.14.9-cp38-abi3-macosx_10_12_x86_64.whl", hash = "sha256:4c4404891b3c8bfbb01d9e9308a24b9637088fb41aea0f24b58a9dffdd43b164", size = 23134109, upload-time = "2026-05-14T00:54:00.099Z" },
    { url = "https://files.pythonhosted.org/packages/84/24/15f5e9ba7ecfea955a0311410e51a8c7990f9167e4fe0f98c7755e4c9580/typst-0.14.9-cp38-abi3-macosx_11_0_arm64.whl", hash = "sha256:9ade0c99e853bf02bcc28f1bad8be3714de5ee5323e1a0f649abdb4e634240e9", size = 22797078, upload-time = "2026-05-14T00:54:03.058Z" },
    { url = "https://files.pythonhosted.org/packages/d7/1f/faf63f411c6e3fee8b7540ce0e666fea06fd338e81115880ad0889dd0de4/typst-0.14.9-cp38-abi3-manylinux_2_17_aarch64.manylinux2014_aarch64.whl", hash = "sha256:1339a1d8beb05f098090a8a6c627e1aa7d4c7792b333e59694d30072f6f0ccdb", size = 27144371, upload-time = "2026-05-14T00:54:05.667Z" },
    { url = "https://files.pythonhosted.org/packages/7b/ca/6b948b617de32fba14c036f141ee5c2ec8f3c282bbc7001663203c312afe/typst-0.14.9-cp38-abi3-manylinux_2_17_armv7l.manylinux2014_armv7l.whl", hash = "sha256:792818bb147ea4a88b0555fd2066e1bb0b65353aecd01270a8acd3be018f3e39", size = 27082638, upload-time = "2026-05-14T00:54:08.307Z" },
    { url = "https://files.pythonhosted.org/packages/ee/da/0045f3ce468a5b17551b2de2a5dc17338e8ab39e8d9c9171ee4ccf20cc0a/typst-0.14.9-cp38-abi3-manylinux_2_17_ppc64le.manylinux2014_ppc64le.whl", hash = "sha256:c4ecc5102125880baebbe454946a8492f6377680bf3d74f60650fae093958e3b", size = 28470089, upload-time = "2026-05-14T00:54:11.116Z" },
    { url = "https://files.pythonhosted.org/packages/4c/49/6e43f443bcf137a27d0622e6a12147ad4255cefd20f1e59d2b895b5c3192/typst-0.14.9-cp38-abi3-manylinux_2_17_s390x.manylinux2014_s390x.whl", hash = "sha256:7be2e851ee3ff3561c79d244a2809089fb7cfc678912555ecabb031d5de74da9", size = 27250762, upload-time = "2026-05-14T00:54:13.7Z" },
    { url = "https://files.pythonhosted.org/packages/d3/66/3ac1d2001495ce81d9f26a25287f728664eb3bf6845c3a9bae7ea22a050e/typst-0.14.9-cp38-abi3-manylinux_2_17_x86_64.manylinux2014_x86_64.whl", hash = "sha256:be26d1f195b75d4c57e7411646124f8257d136417cc5e9c393dcd8ea3c3a11e8", size = 26219098, upload-time = "2026-05-14T00:54:16.052Z" },
    { url = "https://files.pythonhosted.org/packages/84/ea/e0cc7e8eb1872db3aa68f297b940e55a8b16487e09a518cfc069cf749453/typst-0.14.9-cp38-abi3-pyemscripten_2026_0_wasm32.whl", hash = "sha256:2f7008b41217194a41b9eec611cef358cc7c8d90193817b182f9abed62526984", size = 18398038, upload-time = "2026-05-14T00:54:18.786Z" },
    { url = "https://files.pythonhosted.org/packages/50/d1/33d71cc89dc66e5a703a980ccee3217c8486a156a4e57fe7897b4097ce90/typst-0.14.9-cp38-abi3-win_amd64.whl", hash = "sha256:6ebe6b433f71e9ec03c444b26f123363ab63ebab9a289fc4f26d6962b18fad4e", size = 21651664, upload-time = "2026-05-14T00:54:21.757Z" },
]

[[package]]
name = "typst-frontend"
version = "0.1.0"
source = { virtual = "." }
dependencies = [
    { name = "typst" },
]

[package.metadata]
requires-dist = [{ name = "typst", specifier = ">=0.14.9" }]
